
Microsoft Visual Studio Solution File, Format Version 12.00
# Visual Studio 15
Project("{FAE04EC0-301F-11D3-BF4B-00C04F79EFBC}") = "MyWeatherApp1054.Android", "MyWeatherApp1054.Android\MyWeatherApp1054.Android.csproj", "{85543CDA-E98E-42E0-9BA7-EF9D62043EDC}"
EndProject
Project("{FAE04EC0-301F-11D3-BF4B-00C04F79EFBC}") = "MyWeatherApp1054.iOS", "MyWeatherApp1054.iOS\MyWeatherApp1054.iOS.csproj", "{480DED73-D691-4DF3-A0EF-39B5ED88C696}"
EndProject
Project("{FAE04EC0-301F-11D3-BF4B-00C04F79EFBC}") = "MyWeatherApp1054", "MyWeatherApp1054\MyWeatherApp1054.csproj", "{D4AC30CD-98EB-44EC-BC7B-A13CFB13826B}"
EndProject
Global
	GlobalSection(SolutionConfigurationPlatforms) = preSolution
		Debug|Any CPU = Debug|Any CPU
		Release|Any CPU = Release|Any CPU
		Debug|iPhoneSimulator = Debug|iPhoneSimulator
		Release|iPhoneSimulator = Release|iPhoneSimulator
		Debug|iPhone = Debug|iPhone
		Release|iPhone = Release|iPhone
	EndGlobalSection
	GlobalSection(ProjectConfigurationPlatforms) = postSolution
		{85543CDA-E98E-42E0-9BA7-EF9D62043EDC}.Debug|Any CPU.ActiveCfg = Debug|Any CPU
		{85543CDA-E98E-42E0-9BA7-EF9D62043EDC}.Debug|Any CPU.Build.0 = Debug|Any CPU
		{85543CDA-E98E-42E0-9BA7-EF9D62043EDC}.Release|Any CPU.ActiveCfg = Release|Any CPU
		{85543CDA-E98E-42E0-9BA7-EF9D62043EDC}.Release|Any CPU.Build.0 = Release|Any CPU
		{85543CDA-E98E-42E0-9BA7-EF9D62043EDC}.Debug|iPhoneSimulator.ActiveCfg = Debug|Any CPU
		{85543CDA-E98E-42E0-9BA7-EF9D62043EDC}.Debug|iPhoneSimulator.Build.0 = Debug|Any CPU
		{85543CDA-E98E-42E0-9BA7-EF9D62043EDC}.Release|iPhoneSimulator.ActiveCfg = Release|Any CPU
		{85543CDA-E98E-42E0-9BA7-EF9D62043EDC}.Release|iPhoneSimulator.Build.0 = Release|Any CPU
		{85543CDA-E98E-42E0-9BA7-EF9D62043EDC}.Debug|iPhone.ActiveCfg = Debug|Any CPU
		{85543CDA-E98E-42E0-9BA7-EF9D62043EDC}.Debug|iPhone.Build.0 = Debug|Any CPU
		{85543CDA-E98E-42E0-9BA7-EF9D62043EDC}.Release|iPhone.ActiveCfg = Release|Any CPU
		{85543CDA-E98E-42E0-9BA7-EF9D62043EDC}.Release|iPhone.Build.0 = Release|Any CPU
		{480DED73-D691-4DF3-A0EF-39B5ED88C696}.Debug|Any CPU.ActiveCfg = Debug|iPhoneSimulator
		{480DED73-D691-4DF3-A0EF-39B5ED88C696}.Debug|Any CPU.Build.0 = Debug|iPhoneSimulator
		{480DED73-D691-4DF3-A0EF-39B5ED88C696}.Release|Any CPU.ActiveCfg = Release|iPhoneSimulator
		{480DED73-D691-4DF3-A0EF-39B5ED88C696}.Release|Any CPU.Build.0 = Release|iPhoneSimulator
		{480DED73-D691-4DF3-A0EF-39B5ED88C696}.Debug|iPhoneSimulator.ActiveCfg = Debug|iPhoneSimulator
		{480DED73-D691-4DF3-A0EF-39B5ED88C696}.Debug|iPhoneSimulator.Build.0 = Debug|iPhoneSimulator
		{480DED73-D691-4DF3-A0EF-39B5ED88C696}.Release|iPhoneSimulator.ActiveCfg = Release|iPhoneSimulator
		{480DED73-D691-4DF3-A0EF-39B5ED88C696}.Release|iPhoneSimulator.Build.0 = Release|iPhoneSimulator
		{480DED73-D691-4DF3-A0EF-39B5ED88C696}.Debug|iPhone.ActiveCfg = Debug|iPhone
		{480DED73-D691-4DF3-A0EF-39B5ED88C696}.Debug|iPhone.Build.0 = Debug|iPhone
		{480DED73-D691-4DF3-A0EF-39B5ED88C696}.Release|iPhone.ActiveCfg = Release|iPhone
		{480DED73-D691-4DF3-A0EF-39B5ED88C696}.Release|iPhone.Build.0 = Release|iPhone
		{D4AC30CD-98EB-44EC-BC7B-A13CFB13826B}.Debug|Any CPU.ActiveCfg = Debug|Any CPU
		{D4AC30CD-98EB-44EC-BC7B-A13CFB13826B}.Debug|Any CPU.Build.0 = Debug|Any CPU
		{D4AC30CD-98EB-44EC-BC7B-A13CFB13826B}.Release|Any CPU.ActiveCfg = Release|Any CPU
		{D4AC30CD-98EB-44EC-BC7B-A13CFB13826B}.Release|Any CPU.Build.0 = Release|Any CPU
		{D4AC30CD-98EB-44EC-BC7B-A13CFB13826B}.Debug|iPhoneSimulator.ActiveCfg = Debug|Any CPU
		{D4AC30CD-98EB-44EC-BC7B-A13CFB13826B}.Debug|iPhoneSimulator.Build.0 = Debug|Any CPU
		{D4AC30CD-98EB-44EC-BC7B-A13CFB13826B}.Release|iPhoneSimulator.ActiveCfg = Release|Any CPU
		{D4AC30CD-98EB-44EC-BC7B-A13CFB13826B}.Release|iPhoneSimulator.Build.0 = Release|Any CPU
		{D4AC30CD-98EB-44EC-BC7B-A13CFB13826B}.Debug|iPhone.ActiveCfg = Debug|Any CPU
		{D4AC30CD-98EB-44EC-BC7B-A13CFB13826B}.Debug|iPhone.Build.0 = Debug|Any CPU
		{D4AC30CD-98EB-44EC-BC7B-A13CFB13826B}.Release|iPhone.ActiveCfg = Release|Any CPU
		{D4AC30CD-98EB-44EC-BC7B-A13CFB13826B}.Release|iPhone.Build.0 = Release|Any CPU
	EndGlobalSection
EndGlobal
